{
  "lockfile_version": "1",
  "packages": {
    "gnumake@4.4.1": {
      "last_modified": "2024-10-26T22:05:23Z",
      "resolved": "github:NixOS/nixpkgs/86e78d3d2084ff87688da662cf78c2af085d8e73#gnumake",
      "source": "devbox-search",
      "version": "4.4.1",
      "systems": {
        "aarch64-darwin": {
          "outputs": [
            {
              "name": "out",
              "path": "/nix/store/xqd18p6bfh63xgy6r27ryj43m05sygfd-gnumake-4.4.1",
              "default": true
            },
            {
              "name": "man",
              "path": "/nix/store/rh9jd0cb2nffh6f98pi1cdi2iixca7i7-gnumake-4.4.1-man",
              "default": true
            },
            {
              "name": "info",
              "path": "/nix/store/zh15911aagmnppcm5f1pv3jaqp1lcn88-gnumake-4.4.1-info"
            }
          ],
          "store_path": "/nix/store/xqd18p6bfh63xgy6r27ryj43m05sygfd-gnumake-4.4.1"
        },
        "aarch64-linux": {
          "outputs": [
            {
              "name": "out",
              "path": "/nix/store/7vavvidkcwpkcv7vl2k695w1sj3d0v6d-gnumake-4.4.1",
              "default": true
            },
            {
              "name": "man",
              "path": "/nix/store/xg73m3ymam05ing6fiz336lv88x5iilb-gnumake-4.4.1-man",
              "default": true
            },
            {
              "name": "debug",
              "path": "/nix/store/kpa131lv51q4sy4156szlbnjkjbbl6wa-gnumake-4.4.1-debug"
            },
            {
              "name": "info",
              "path": "/nix/store/gsxac0p40xmzdhj64y7587p7z1r0l5my-gnumake-4.4.1-info"
            }
          ],
          "store_path": "/nix/store/7vavvidkcwpkcv7vl2k695w1sj3d0v6d-gnumake-4.4.1"
        },
        "x86_64-darwin": {
          "outputs": [
            {
              "name": "out",
              "path": "/nix/store/1f90m5f11kfyyg198qblv1x7blycfvfd-gnumake-4.4.1",
              "default": true
            },
            {
              "name": "man",
              "path": "/nix/store/rd7fdldb5rax7qfz9bm2xci86qkg41n4-gnumake-4.4.1-man",
              "default": true
            },
            {
              "name": "info",
              "path": "/nix/store/v3wv3dyvqfyjjnibpd51hll279wgq7xr-gnumake-4.4.1-info"
            }
          ],
          "store_path": "/nix/store/1f90m5f11kfyyg198qblv1x7blycfvfd-gnumake-4.4.1"
        },
        "x86_64-linux": {
          "outputs": [
            {
              "name": "out",
              "path": "/nix/store/w44ahngg3y69rpq62f4agzl747y872as-gnumake-4.4.1",
              "default": true
            },
            {
              "name": "man",
              "path": "/nix/store/pqfxsx89dr0pywim8cc18cgm67cld692-gnumake-4.4.1-man",
              "default": true
            },
            {
              "name": "info",
              "path": "/nix/store/00gsp1x5r22pkl8zszl7fgfknmshrqs9-gnumake-4.4.1-info"
            },
            {
              "name": "debug",
              "path": "/nix/store/651fp76vcmw4kzrmpinszwkk6jn8d4y3-gnumake-4.4.1-debug"
            }
          ],
          "store_path": "/nix/store/w44ahngg3y69rpq62f4agzl747y872as-gnumake-4.4.1"
        }
      }
    },
    "jq@1.7.1": {
      "last_modified": "2024-10-26T22:05:23Z",
      "resolved": "github:NixOS/nixpkgs/86e78d3d2084ff87688da662cf78c2af085d8e73#jq",
      "source": "devbox-search",
      "version": "1.7.1",
      "systems": {
        "aarch64-darwin": {
          "outputs": [
            {
              "name": "bin",
              "path": "/nix/store/kkfa84h1sd7496mydwhnnqf0kdbgc0fa-jq-1.7.1-bin",
              "default": true
            },
            {
              "name": "man",
              "path": "/nix/store/x66c6grvwcaidz90mzgxiyg6r0qssybq-jq-1.7.1-man",
              "default": true
            },
            {
              "name": "doc",
              "path": "/nix/store/668jid954q2jk52wabckqmhj0jpwn819-jq-1.7.1-doc"
            },
            {
              "name": "lib",
              "path": "/nix/store/jlrm2b88xr9i5rcib7k8zs2wpr99iwwq-jq-1.7.1-lib"
            },
            {
              "name": "out",
              "path": "/nix/store/vmnfldwzmfx34xaqa1fbsv9zcdwfc22y-jq-1.7.1"
            },
            {
              "name": "dev",
              "path": "/nix/store/q280g2yxhw4zin5cfm77gvq72b5p9kmi-jq-1.7.1-dev"
            }
          ],
          "store_path": "/nix/store/kkfa84h1sd7496mydwhnnqf0kdbgc0fa-jq-1.7.1-bin"
        },
        "aarch64-linux": {
          "outputs": [
            {
              "name": "bin",
              "path": "/nix/store/ahpilzy1f17m9c7kbjvv7576zzbyy6qi-jq-1.7.1-bin",
              "default": true
            },
            {
              "name": "man",
              "path": "/nix/store/q4p9qaif44i4saks3vinfz2rmb0v9y7l-jq-1.7.1-man",
              "default": true
            },
            {
              "name": "dev",
              "path": "/nix/store/brrdfqm4lvgyb273wj1nnp5497q52gh1-jq-1.7.1-dev"
            },
            {
              "name": "doc",
              "path": "/nix/store/cmq38fl372l8lwxafqzl6cz4m3syvksw-jq-1.7.1-doc"
            },
            {
              "name": "lib",
              "path": "/nix/store/8xhqcza8rphrzmam4s8iwcpcxw0wplz9-jq-1.7.1-lib"
            },
            {
              "name": "out",
              "path": "/nix/store/ykwd69vhal2nlqrz9fjp2llcc86qqn03-jq-1.7.1"
            }
          ],
          "store_path": "/nix/store/ahpilzy1f17m9c7kbjvv7576zzbyy6qi-jq-1.7.1-bin"
        },
        "x86_64-darwin": {
          "outputs": [
            {
              "name": "bin",
              "path": "/nix/store/4x2l3ik7jcxp50fjydhwc79rk2gywpvy-jq-1.7.1-bin",
              "default": true
            },
            {
              "name": "man",
              "path": "/nix/store/apn118f0m6sj8lacqia105n16zsd1kwc-jq-1.7.1-man",
              "default": true
            },
            {
              "name": "out",
              "path": "/nix/store/q84a2fwgbzx706g9h8jwwq0i2h97bm0y-jq-1.7.1"
            },
            {
              "name": "dev",
              "path": "/nix/store/1sx3gvxj99s43akr3cab0c8fqpxg38a9-jq-1.7.1-dev"
            },
            {
              "name": "doc",
              "path": "/nix/store/a9z5vgyap84a7w75zcn8khc6r8x8fjfp-jq-1.7.1-doc"
            },
            {
              "name": "lib",
              "path": "/nix/store/5vrryfk2lyr6a1kfp5blag5nw2344gzf-jq-1.7.1-lib"
            }
          ],
          "store_path": "/nix/store/4x2l3ik7jcxp50fjydhwc79rk2gywpvy-jq-1.7.1-bin"
        },
        "x86_64-linux": {
          "outputs": [
            {
              "name": "bin",
              "path": "/nix/store/v0azfsqv58llx12jal5ngx3mj0rj7km6-jq-1.7.1-bin",
              "default": true
            },
            {
              "name": "man",
              "path": "/nix/store/wf6x2kh1m16nhbipglxiaazsa27ni58f-jq-1.7.1-man",
              "default": true
            },
            {
              "name": "dev",
              "path": "/nix/store/3bg50gaw9hy1igq3sv4gndnvfmhwjgff-jq-1.7.1-dev"
            },
            {
              "name": "doc",
              "path": "/nix/store/sw45lawqiv53pc7pwv07bc7d8yhmya5a-jq-1.7.1-doc"
            },
            {
              "name": "lib",
              "path": "/nix/store/23jnqnvphk91kylc3gqcpdfy0m0ldz2j-jq-1.7.1-lib"
            },
            {
              "name": "out",
              "path": "/nix/store/wxxab7hxdagljsbcz2ma44mml0nv1jx0-jq-1.7.1"
            }
          ],
          "store_path": "/nix/store/v0azfsqv58llx12jal5ngx3mj0rj7km6-jq-1.7.1-bin"
        }
      }
    },
    "wget@1.24.5": {
      "last_modified": "2024-10-23T22:21:09Z",
      "resolved": "github:NixOS/nixpkgs/6301495959cf1737c6ebcd153833e4c4596f56e2#wget",
      "source": "devbox-search",
      "version": "1.24.5",
      "systems": {
        "aarch64-darwin": {
          "outputs": [
            {
              "name": "out",
              "path": "/nix/store/vj2kzqb02qsli9yz7dd48z14bfw81wrf-wget-1.24.5",
              "default": true
            }
          ],
          "store_path": "/nix/store/vj2kzqb02qsli9yz7dd48z14bfw81wrf-wget-1.24.5"
        },
        "aarch64-linux": {
          "outputs": [
            {
              "name": "out",
              "path": "/nix/store/xinf7slz5ha6gsny1a25j01y3qw5j7c4-wget-1.24.5",
              "default": true
            }
          ],
          "store_path": "/nix/store/xinf7slz5ha6gsny1a25j01y3qw5j7c4-wget-1.24.5"
        },
        "x86_64-darwin": {
          "outputs": [
            {
              "name": "out",
              "path": "/nix/store/fzsnnakxp6paf94d1cw7wb6rg520fywb-wget-1.24.5",
              "default": true
            }
          ],
          "store_path": "/nix/store/fzsnnakxp6paf94d1cw7wb6rg520fywb-wget-1.24.5"
        },
        "x86_64-linux": {
          "outputs": [
            {
              "name": "out",
              "path": "/nix/store/j9fmbwk32bkh61a1hk5a4apqr92xgb2s-wget-1.24.5",
              "default": true
            }
          ],
          "store_path": "/nix/store/j9fmbwk32bkh61a1hk5a4apqr92xgb2s-wget-1.24.5"
        }
      }
    }
  }
}
